
Microsoft Visual Studio Solution File, Format Version 12.00
# Visual Studio Version 17
VisualStudioVersion = 17.9.34616.47
MinimumVisualStudioVersion = 10.0.40219.1
Project("{FAE04EC0-301F-11D3-BF4B-00C04F79EFBC}") = "P_CSVWritingReadingPreloading_StephanieLopez", "P_CSVWritingReadingPreloading_StephanieLopez.csproj", "{0669D451-E655-4A79-9D03-84FB9E6B9A1D}"
EndProject
Global
	GlobalSection(SolutionConfigurationPlatforms) = preSolution
		Debug|Any CPU = Debug|Any CPU
		Release|Any CPU = Release|Any CPU
	EndGlobalSection
	GlobalSection(ProjectConfigurationPlatforms) = postSolution
		{0669D451-E655-4A79-9D03-84FB9E6B9A1D}.Debug|Any CPU.ActiveCfg = Debug|Any CPU
		{0669D451-E655-4A79-9D03-84FB9E6B9A1D}.Debug|Any CPU.Build.0 = Debug|Any CPU
		{0669D451-E655-4A79-9D03-84FB9E6B9A1D}.Release|Any CPU.ActiveCfg = Release|Any CPU
		{0669D451-E655-4A79-9D03-84FB9E6B9A1D}.Release|Any CPU.Build.0 = Release|Any CPU
	EndGlobalSection
	GlobalSection(SolutionProperties) = preSolution
		HideSolutionNode = FALSE
	EndGlobalSection
	GlobalSection(ExtensibilityGlobals) = postSolution
		SolutionGuid = {E46C9D5F-E14F-44B6-A29E-114090170ABA}
	EndGlobalSection
EndGlobal
